// !$*UTF8*$!
{
	archiveVersion = 1;
	classes = {
	};
	objectVersion = 50;
	objects = {

/* Begin PBXBuildFile section */
		CD42F55825F1FB1200BF4120 /* MoviesReduxApp.swift in Sources */ = {isa = PBXBuildFile; fileRef = CD42F55725F1FB1200BF4120 /* MoviesReduxApp.swift */; };
		CD42F55A25F1FB1200BF4120 /* ContentView.swift in Sources */ = {isa = PBXBuildFile; fileRef = CD42F55925F1FB1200BF4120 /* ContentView.swift */; };
		CD42F55C25F1FB1200BF4120 /* Assets.xcassets in Resources */ = {isa = PBXBuildFile; fileRef = CD42F55B25F1FB1200BF4120 /* Assets.xcassets */; };
		CD42F55F25F1FB1200BF4120 /* Preview Assets.xcassets in Resources */ = {isa = PBXBuildFile; fileRef = CD42F55E25F1FB1200BF4120 /* Preview Assets.xcassets */; };
		CD42F56A25F1FB8500BF4120 /* Store.swift in Sources */ = {isa = PBXBuildFile; fileRef = CD42F56925F1FB8500BF4120 /* Store.swift */; };
		CD8A17F325F482B7003E0469 /* LogMiddleware.swift in Sources */ = {isa = PBXBuildFile; fileRef = CD8A17F225F482B7003E0469 /* LogMiddleware.swift */; };
		CD8A17F625F483B9003E0469 /* IncrementMiddleware.swift in Sources */ = {isa = PBXBuildFile; fileRef = CD8A17F525F483B9003E0469 /* IncrementMiddleware.swift */; };
		CD8A17FB25F4959F003E0469 /* View+Extensions.swift in Sources */ = {isa = PBXBuildFile; fileRef = CD8A17FA25F4959F003E0469 /* View+Extensions.swift */; };
		CD8A17FE25F495EC003E0469 /* String+Extensions.swift in Sources */ = {isa = PBXBuildFile; fileRef = CD8A17FD25F495EC003E0469 /* String+Extensions.swift */; };
		CD8A180225F49677003E0469 /* URLImage.swift in Sources */ = {isa = PBXBuildFile; fileRef = CD8A180125F49677003E0469 /* URLImage.swift */; };
		CD8A180525F49757003E0469 /* RatingView.swift in Sources */ = {isa = PBXBuildFile; fileRef = CD8A180425F49757003E0469 /* RatingView.swift */; };
		CD8A180925F4981E003E0469 /* File.swift in Sources */ = {isa = PBXBuildFile; fileRef = CD8A180825F4981E003E0469 /* File.swift */; };
		CD8A180D25F498B0003E0469 /* Constants.swift in Sources */ = {isa = PBXBuildFile; fileRef = CD8A180C25F498B0003E0469 /* Constants.swift */; };
		CDF8B6EA25F345DD003AAD22 /* CounterReducer.swift in Sources */ = {isa = PBXBuildFile; fileRef = CDF8B6E925F345DD003AAD22 /* CounterReducer.swift */; };
		CDF8B6ED25F3462C003AAD22 /* AppReducer.swift in Sources */ = {isa = PBXBuildFile; fileRef = CDF8B6EC25F3462C003AAD22 /* AppReducer.swift */; };
		CDF8B6F125F34946003AAD22 /* Task.swift in Sources */ = {isa = PBXBuildFile; fileRef = CDF8B6F025F34945003AAD22 /* Task.swift */; };
		CDF8B6F425F349DF003AAD22 /* TaskReducer.swift in Sources */ = {isa = PBXBuildFile; fileRef = CDF8B6F325F349DF003AAD22 /* TaskReducer.swift */; };
		CDF8B6F725F34B82003AAD22 /* AddTaskView.swift in Sources */ = {isa = PBXBuildFile; fileRef = CDF8B6F625F34B82003AAD22 /* AddTaskView.swift */; };
/* End PBXBuildFile section */

/* Begin PBXFileReference section */
		CD42F55425F1FB1200BF4120 /* MoviesRedux.app */ = {isa = PBXFileReference; explicitFileType = wrapper.application; includeInIndex = 0; path = MoviesRedux.app; sourceTree = BUILT_PRODUCTS_DIR; };
		CD42F55725F1FB1200BF4120 /* MoviesReduxApp.swift */ = {isa = PBXFileReference; lastKnownFileType = sourcecode.swift; path = MoviesReduxApp.swift; sourceTree = "<group>"; };
		CD42F55925F1FB1200BF4120 /* ContentView.swift */ = {isa = PBXFileReference; lastKnownFileType = sourcecode.swift; path = ContentView.swift; sourceTree = "<group>"; };
		CD42F55B25F1FB1200BF4120 /* Assets.xcassets */ = {isa = PBXFileReference; lastKnownFileType = folder.assetcatalog; path = Assets.xcassets; sourceTree = "<group>"; };
		CD42F55E25F1FB1200BF4120 /* Preview Assets.xcassets */ = {isa = PBXFileReference; lastKnownFileType = folder.assetcatalog; path = "Preview Assets.xcassets"; sourceTree = "<group>"; };
		CD42F56025F1FB1200BF4120 /* Info.plist */ = {isa = PBXFileReference; lastKnownFileType = text.plist.xml; path = Info.plist; sourceTree = "<group>"; };
		CD42F56925F1FB8500BF4120 /* Store.swift */ = {isa = PBXFileReference; lastKnownFileType = sourcecode.swift; path = Store.swift; sourceTree = "<group>"; };
		CD8A17F225F482B7003E0469 /* LogMiddleware.swift */ = {isa = PBXFileReference; lastKnownFileType = sourcecode.swift; path = LogMiddleware.swift; sourceTree = "<group>"; };
		CD8A17F525F483B9003E0469 /* IncrementMiddleware.swift */ = {isa = PBXFileReference; lastKnownFileType = sourcecode.swift; path = IncrementMiddleware.swift; sourceTree = "<group>"; };
		CD8A17FA25F4959F003E0469 /* View+Extensions.swift */ = {isa = PBXFileReference; lastKnownFileType = sourcecode.swift; path = "View+Extensions.swift"; sourceTree = "<group>"; };
		CD8A17FD25F495EC003E0469 /* String+Extensions.swift */ = {isa = PBXFileReference; lastKnownFileType = sourcecode.swift; path = "String+Extensions.swift"; sourceTree = "<group>"; };
		CD8A180125F49677003E0469 /* URLImage.swift */ = {isa = PBXFileReference; lastKnownFileType = sourcecode.swift; path = URLImage.swift; sourceTree = "<group>"; };
		CD8A180425F49757003E0469 /* RatingView.swift */ = {isa = PBXFileReference; lastKnownFileType = sourcecode.swift; path = RatingView.swift; sourceTree = "<group>"; };
		CD8A180825F4981E003E0469 /* File.swift */ = {isa = PBXFileReference; lastKnownFileType = sourcecode.swift; path = File.swift; sourceTree = "<group>"; };
		CD8A180C25F498B0003E0469 /* Constants.swift */ = {isa = PBXFileReference; lastKnownFileType = sourcecode.swift; path = Constants.swift; sourceTree = "<group>"; };
		CDF8B6E925F345DD003AAD22 /* CounterReducer.swift */ = {isa = PBXFileReference; lastKnownFileType = sourcecode.swift; path = CounterReducer.swift; sourceTree = "<group>"; };
		CDF8B6EC25F3462C003AAD22 /* AppReducer.swift */ = {isa = PBXFileReference; lastKnownFileType = sourcecode.swift; path = AppReducer.swift; sourceTree = "<group>"; };
		CDF8B6F025F34945003AAD22 /* Task.swift */ = {isa = PBXFileReference; lastKnownFileType = sourcecode.swift; path = Task.swift; sourceTree = "<group>"; };
		CDF8B6F325F349DF003AAD22 /* TaskReducer.swift */ = {isa = PBXFileReference; lastKnownFileType = sourcecode.swift; path = TaskReducer.swift; sourceTree = "<group>"; };
		CDF8B6F625F34B82003AAD22 /* AddTaskView.swift */ = {isa = PBXFileReference; lastKnownFileType = sourcecode.swift; path = AddTaskView.swift; sourceTree = "<group>"; };
/* End PBXFileReference section */

/* Begin PBXFrameworksBuildPhase section */
		CD42F55125F1FB1200BF4120 /* Frameworks */ = {
			isa = PBXFrameworksBuildPhase;
			buildActionMask = 2147483647;
			files = (
			);
			runOnlyForDeploymentPostprocessing = 0;
		};
/* End PBXFrameworksBuildPhase section */

/* Begin PBXGroup section */
		CD42F54B25F1FB1200BF4120 = {
			isa = PBXGroup;
			children = (
				CD42F55625F1FB1200BF4120 /* MoviesRedux */,
				CD42F55525F1FB1200BF4120 /* Products */,
			);
			sourceTree = "<group>";
		};
		CD42F55525F1FB1200BF4120 /* Products */ = {
			isa = PBXGroup;
			children = (
				CD42F55425F1FB1200BF4120 /* MoviesRedux.app */,
			);
			name = Products;
			sourceTree = "<group>";
		};
		CD42F55625F1FB1200BF4120 /* MoviesRedux */ = {
			isa = PBXGroup;
			children = (
				CD8A180B25F498A1003E0469 /* Utils */,
				CD8A180725F49807003E0469 /* Loaders */,
				CD8A180025F4965A003E0469 /* Views */,
				CD8A17F925F49586003E0469 /* Extensions */,
				CDF8B6EF25F3491E003AAD22 /* Models */,
				CD42F56725F1FB5800BF4120 /* Store */,
				CD42F55725F1FB1200BF4120 /* MoviesReduxApp.swift */,
				CD42F55925F1FB1200BF4120 /* ContentView.swift */,
				CD42F55B25F1FB1200BF4120 /* Assets.xcassets */,
				CD42F56025F1FB1200BF4120 /* Info.plist */,
				CD42F55D25F1FB1200BF4120 /* Preview Content */,
				CDF8B6F625F34B82003AAD22 /* AddTaskView.swift */,
			);
			path = MoviesRedux;
			sourceTree = "<group>";
		};
		CD42F55D25F1FB1200BF4120 /* Preview Content */ = {
			isa = PBXGroup;
			children = (
				CD42F55E25F1FB1200BF4120 /* Preview Assets.xcassets */,
			);
			path = "Preview Content";
			sourceTree = "<group>";
		};
		CD42F56725F1FB5800BF4120 /* Store */ = {
			isa = PBXGroup;
			children = (
				CD8A17F125F482A1003E0469 /* middlewares */,
				CDF8B6E825F34596003AAD22 /* reducers */,
				CD42F56925F1FB8500BF4120 /* Store.swift */,
			);
			path = Store;
			sourceTree = "<group>";
		};
		CD8A17F125F482A1003E0469 /* middlewares */ = {
			isa = PBXGroup;
			children = (
				CD8A17F225F482B7003E0469 /* LogMiddleware.swift */,
				CD8A17F525F483B9003E0469 /* IncrementMiddleware.swift */,
			);
			path = middlewares;
			sourceTree = "<group>";
		};
		CD8A17F925F49586003E0469 /* Extensions */ = {
			isa = PBXGroup;
			children = (
				CD8A17FA25F4959F003E0469 /* View+Extensions.swift */,
				CD8A17FD25F495EC003E0469 /* String+Extensions.swift */,
			);
			path = Extensions;
			sourceTree = "<group>";
		};
		CD8A180025F4965A003E0469 /* Views */ = {
			isa = PBXGroup;
			children = (
				CD8A180125F49677003E0469 /* URLImage.swift */,
				CD8A180425F49757003E0469 /* RatingView.swift */,
			);
			path = Views;
			sourceTree = "<group>";
		};
		CD8A180725F49807003E0469 /* Loaders */ = {
			isa = PBXGroup;
			children = (
				CD8A180825F4981E003E0469 /* File.swift */,
			);
			path = Loaders;
			sourceTree = "<group>";
		};
		CD8A180B25F498A1003E0469 /* Utils */ = {
			isa = PBXGroup;
			children = (
				CD8A180C25F498B0003E0469 /* Constants.swift */,
			);
			path = Utils;
			sourceTree = "<group>";
		};
		CDF8B6E825F34596003AAD22 /* reducers */ = {
			isa = PBXGroup;
			children = (
				CDF8B6E925F345DD003AAD22 /* CounterReducer.swift */,
				CDF8B6EC25F3462C003AAD22 /* AppReducer.swift */,
				CDF8B6F325F349DF003AAD22 /* TaskReducer.swift */,
			);
			path = reducers;
			sourceTree = "<group>";
		};
		CDF8B6EF25F3491E003AAD22 /* Models */ = {
			isa = PBXGroup;
			children = (
				CDF8B6F025F34945003AAD22 /* Task.swift */,
			);
			path = Models;
			sourceTree = "<group>";
		};
/* End PBXGroup section */

/* Begin PBXNativeTarget section */
		CD42F55325F1FB1200BF4120 /* MoviesRedux */ = {
			isa = PBXNativeTarget;
			buildConfigurationList = CD42F56325F1FB1200BF4120 /* Build configuration list for PBXNativeTarget "MoviesRedux" */;
			buildPhases = (
				CD42F55025F1FB1200BF4120 /* Sources */,
				CD42F55125F1FB1200BF4120 /* Frameworks */,
				CD42F55225F1FB1200BF4120 /* Resources */,
			);
			buildRules = (
			);
			dependencies = (
			);
			name = MoviesRedux;
			productName = HelloRedux;
			productReference = CD42F55425F1FB1200BF4120 /* MoviesRedux.app */;
			productType = "com.apple.product-type.application";
		};
/* End PBXNativeTarget section */

/* Begin PBXProject section */
		CD42F54C25F1FB1200BF4120 /* Project object */ = {
			isa = PBXProject;
			attributes = {
				LastSwiftUpdateCheck = 1240;
				LastUpgradeCheck = 1240;
				TargetAttributes = {
					CD42F55325F1FB1200BF4120 = {
						CreatedOnToolsVersion = 12.4;
					};
				};
			};
			buildConfigurationList = CD42F54F25F1FB1200BF4120 /* Build configuration list for PBXProject "MoviesRedux" */;
			compatibilityVersion = "Xcode 9.3";
			developmentRegion = en;
			hasScannedForEncodings = 0;
			knownRegions = (
				en,
				Base,
			);
			mainGroup = CD42F54B25F1FB1200BF4120;
			productRefGroup = CD42F55525F1FB1200BF4120 /* Products */;
			projectDirPath = "";
			projectRoot = "";
			targets = (
				CD42F55325F1FB1200BF4120 /* MoviesRedux */,
			);
		};
/* End PBXProject section */

/* Begin PBXResourcesBuildPhase section */
		CD42F55225F1FB1200BF4120 /* Resources */ = {
			isa = PBXResourcesBuildPhase;
			buildActionMask = 2147483647;
			files = (
				CD42F55F25F1FB1200BF4120 /* Preview Assets.xcassets in Resources */,
				CD42F55C25F1FB1200BF4120 /* Assets.xcassets in Resources */,
			);
			runOnlyForDeploymentPostprocessing = 0;
		};
/* End PBXResourcesBuildPhase section */

/* Begin PBXSourcesBuildPhase section */
		CD42F55025F1FB1200BF4120 /* Sources */ = {
			isa = PBXSourcesBuildPhase;
			buildActionMask = 2147483647;
			files = (
				CD42F56A25F1FB8500BF4120 /* Store.swift in Sources */,
				CDF8B6EA25F345DD003AAD22 /* CounterReducer.swift in Sources */,
				CD8A17FB25F4959F003E0469 /* View+Extensions.swift in Sources */,
				CD42F55A25F1FB1200BF4120 /* ContentView.swift in Sources */,
				CD8A17FE25F495EC003E0469 /* String+Extensions.swift in Sources */,
				CD8A180225F49677003E0469 /* URLImage.swift in Sources */,
				CDF8B6F725F34B82003AAD22 /* AddTaskView.swift in Sources */,
				CD8A180D25F498B0003E0469 /* Constants.swift in Sources */,
				CD8A17F625F483B9003E0469 /* IncrementMiddleware.swift in Sources */,
				CD42F55825F1FB1200BF4120 /* MoviesReduxApp.swift in Sources */,
				CDF8B6F425F349DF003AAD22 /* TaskReducer.swift in Sources */,
				CD8A180925F4981E003E0469 /* File.swift in Sources */,
				CDF8B6F125F34946003AAD22 /* Task.swift in Sources */,
				CDF8B6ED25F3462C003AAD22 /* AppReducer.swift in Sources */,
				CD8A17F325F482B7003E0469 /* LogMiddleware.swift in Sources */,
				CD8A180525F49757003E0469 /* RatingView.swift in Sources */,
			);
			runOnlyForDeploymentPostprocessing = 0;
		};
/* End PBXSourcesBuildPhase section */

/* Begin XCBuildConfiguration section */
		CD42F56125F1FB1200BF4120 /* Debug */ = {
			isa = XCBuildConfiguration;
			buildSettings = {
				ALWAYS_SEARCH_USER_PATHS = NO;
				CLANG_ANALYZER_NONNULL = YES;
				CLANG_ANALYZER_NUMBER_OBJECT_CONVERSION = YES_AGGRESSIVE;
				CLANG_CXX_LANGUAGE_STANDARD = "gnu++14";
				CLANG_CXX_LIBRARY = "libc++";
				CLANG_ENABLE_MODULES = YES;
				CLANG_ENABLE_OBJC_ARC = YES;
				CLANG_ENABLE_OBJC_WEAK = YES;
				CLANG_WARN_BLOCK_CAPTURE_AUTORELEASING = YES;
				CLANG_WARN_BOOL_CONVERSION = YES;
				CLANG_WARN_COMMA = YES;
				CLANG_WARN_CONSTANT_CONVERSION = YES;
				CLANG_WARN_DEPRECATED_OBJC_IMPLEMENTATIONS = YES;
				CLANG_WARN_DIRECT_OBJC_ISA_USAGE = YES_ERROR;
				CLANG_WARN_DOCUMENTATION_COMMENTS = YES;
				CLANG_WARN_EMPTY_BODY = YES;
				CLANG_WARN_ENUM_CONVERSION = YES;
				CLANG_WARN_INFINITE_RECURSION = YES;
				CLANG_WARN_INT_CONVERSION = YES;
				CLANG_WARN_NON_LITERAL_NULL_CONVERSION = YES;
				CLANG_WARN_OBJC_IMPLICIT_RETAIN_SELF = YES;
				CLANG_WARN_OBJC_LITERAL_CONVERSION = YES;
				CLANG_WARN_OBJC_ROOT_CLASS = YES_ERROR;
				CLANG_WARN_QUOTED_INCLUDE_IN_FRAMEWORK_HEADER = YES;
				CLANG_WARN_RANGE_LOOP_ANALYSIS = YES;
				CLANG_WARN_STRICT_PROTOTYPES = YES;
				CLANG_WARN_SUSPICIOUS_MOVE = YES;
				CLANG_WARN_UNGUARDED_AVAILABILITY = YES_AGGRESSIVE;
				CLANG_WARN_UNREACHABLE_CODE = YES;
				CLANG_WARN__DUPLICATE_METHOD_MATCH = YES;
				COPY_PHASE_STRIP = NO;
				DEBUG_INFORMATION_FORMAT = dwarf;
				ENABLE_STRICT_OBJC_MSGSEND = YES;
				ENABLE_TESTABILITY = YES;
				GCC_C_LANGUAGE_STANDARD = gnu11;
				GCC_DYNAMIC_NO_PIC = NO;
				GCC_NO_COMMON_BLOCKS = YES;
				GCC_OPTIMIZATION_LEVEL = 0;
				GCC_PREPROCESSOR_DEFINITIONS = (
					"DEBUG=1",
					"$(inherited)",
				);
				GCC_WARN_64_TO_32_BIT_CONVERSION = YES;
				GCC_WARN_ABOUT_RETURN_TYPE = YES_ERROR;
				GCC_WARN_UNDECLARED_SELECTOR = YES;
				GCC_WARN_UNINITIALIZED_AUTOS = YES_AGGRESSIVE;
				GCC_WARN_UNUSED_FUNCTION = YES;
				GCC_WARN_UNUSED_VARIABLE = YES;
				IPHONEOS_DEPLOYMENT_TARGET = 14.4;
				MTL_ENABLE_DEBUG_INFO = INCLUDE_SOURCE;
				MTL_FAST_MATH = YES;
				ONLY_ACTIVE_ARCH = YES;
				SDKROOT = iphoneos;
				SWIFT_ACTIVE_COMPILATION_CONDITIONS = DEBUG;
				SWIFT_OPTIMIZATION_LEVEL = "-Onone";
			};
			name = Debug;
		};
		CD42F56225F1FB1200BF4120 /* Release */ = {
			isa = XCBuildConfiguration;
			buildSettings = {
				ALWAYS_SEARCH_USER_PATHS = NO;
				CLANG_ANALYZER_NONNULL = YES;
				CLANG_ANALYZER_NUMBER_OBJECT_CONVERSION = YES_AGGRESSIVE;
				CLANG_CXX_LANGUAGE_STANDARD = "gnu++14";
				CLANG_CXX_LIBRARY = "libc++";
				CLANG_ENABLE_MODULES = YES;
				CLANG_ENABLE_OBJC_ARC = YES;
				CLANG_ENABLE_OBJC_WEAK = YES;
				CLANG_WARN_BLOCK_CAPTURE_AUTORELEASING = YES;
				CLANG_WARN_BOOL_CONVERSION = YES;
				CLANG_WARN_COMMA = YES;
				CLANG_WARN_CONSTANT_CONVERSION = YES;
				CLANG_WARN_DEPRECATED_OBJC_IMPLEMENTATIONS = YES;
				CLANG_WARN_DIRECT_OBJC_ISA_USAGE = YES_ERROR;
				CLANG_WARN_DOCUMENTATION_COMMENTS = YES;
				CLANG_WARN_EMPTY_BODY = YES;
				CLANG_WARN_ENUM_CONVERSION = YES;
				CLANG_WARN_INFINITE_RECURSION = YES;
				CLANG_WARN_INT_CONVERSION = YES;
				CLANG_WARN_NON_LITERAL_NULL_CONVERSION = YES;
				CLANG_WARN_OBJC_IMPLICIT_RETAIN_SELF = YES;
				CLANG_WARN_OBJC_LITERAL_CONVERSION = YES;
				CLANG_WARN_OBJC_ROOT_CLASS = YES_ERROR;
				CLANG_WARN_QUOTED_INCLUDE_IN_FRAMEWORK_HEADER = YES;
				CLANG_WARN_RANGE_LOOP_ANALYSIS = YES;
				CLANG_WARN_STRICT_PROTOTYPES = YES;
				CLANG_WARN_SUSPICIOUS_MOVE = YES;
				CLANG_WARN_UNGUARDED_AVAILABILITY = YES_AGGRESSIVE;
				CLANG_WARN_UNREACHABLE_CODE = YES;
				CLANG_WARN__DUPLICATE_METHOD_MATCH = YES;
				COPY_PHASE_STRIP = NO;
				DEBUG_INFORMATION_FORMAT = "dwarf-with-dsym";
				ENABLE_NS_ASSERTIONS = NO;
				ENABLE_STRICT_OBJC_MSGSEND = YES;
				GCC_C_LANGUAGE_STANDARD = gnu11;
				GCC_NO_COMMON_BLOCKS = YES;
				GCC_WARN_64_TO_32_BIT_CONVERSION = YES;
				GCC_WARN_ABOUT_RETURN_TYPE = YES_ERROR;
				GCC_WARN_UNDECLARED_SELECTOR = YES;
				GCC_WARN_UNINITIALIZED_AUTOS = YES_AGGRESSIVE;
				GCC_WARN_UNUSED_FUNCTION = YES;
				GCC_WARN_UNUSED_VARIABLE = YES;
				IPHONEOS_DEPLOYMENT_TARGET = 14.4;
				MTL_ENABLE_DEBUG_INFO = NO;
				MTL_FAST_MATH = YES;
				SDKROOT = iphoneos;
				SWIFT_COMPILATION_MODE = wholemodule;
				SWIFT_OPTIMIZATION_LEVEL = "-O";
				VALIDATE_PRODUCT = YES;
			};
			name = Release;
		};
		CD42F56425F1FB1200BF4120 /* Debug */ = {
			isa = XCBuildConfiguration;
			buildSettings = {
				ASSETCATALOG_COMPILER_APPICON_NAME = AppIcon;
				ASSETCATALOG_COMPILER_GLOBAL_ACCENT_COLOR_NAME = AccentColor;
				CODE_SIGN_STYLE = Automatic;
				DEVELOPMENT_ASSET_PATHS = "\"MoviesRedux/Preview Content\"";
				DEVELOPMENT_TEAM = VUTS936LBT;
				ENABLE_PREVIEWS = YES;
				INFOPLIST_FILE = MoviesRedux/Info.plist;
				IPHONEOS_DEPLOYMENT_TARGET = 14.0;
				LD_RUNPATH_SEARCH_PATHS = (
					"$(inherited)",
					"@executable_path/Frameworks",
				);
				PRODUCT_BUNDLE_IDENTIFIER = com.nathanretta.MoviesRedux;
				PRODUCT_NAME = "$(TARGET_NAME)";
				SWIFT_VERSION = 5.0;
				TARGETED_DEVICE_FAMILY = "1,2";
			};
			name = Debug;
		};
		CD42F56525F1FB1200BF4120 /* Release */ = {
			isa = XCBuildConfiguration;
			buildSettings = {
				ASSETCATALOG_COMPILER_APPICON_NAME = AppIcon;
				ASSETCATALOG_COMPILER_GLOBAL_ACCENT_COLOR_NAME = AccentColor;
				CODE_SIGN_STYLE = Automatic;
				DEVELOPMENT_ASSET_PATHS = "\"MoviesRedux/Preview Content\"";
				DEVELOPMENT_TEAM = VUTS936LBT;
				ENABLE_PREVIEWS = YES;
				INFOPLIST_FILE = MoviesRedux/Info.plist;
				IPHONEOS_DEPLOYMENT_TARGET = 14.0;
				LD_RUNPATH_SEARCH_PATHS = (
					"$(inherited)",
					"@executable_path/Frameworks",
				);
				PRODUCT_BUNDLE_IDENTIFIER = com.nathanretta.MoviesRedux;
				PRODUCT_NAME = "$(TARGET_NAME)";
				SWIFT_VERSION = 5.0;
				TARGETED_DEVICE_FAMILY = "1,2";
			};
			name = Release;
		};
/* End XCBuildConfiguration section */

/* Begin XCConfigurationList section */
		CD42F54F25F1FB1200BF4120 /* Build configuration list for PBXProject "MoviesRedux" */ = {
			isa = XCConfigurationList;
			buildConfigurations = (
				CD42F56125F1FB1200BF4120 /* Debug */,
				CD42F56225F1FB1200BF4120 /* Release */,
			);
			defaultConfigurationIsVisible = 0;
			defaultConfigurationName = Release;
		};
		CD42F56325F1FB1200BF4120 /* Build configuration list for PBXNativeTarget "MoviesRedux" */ = {
			isa = XCConfigurationList;
			buildConfigurations = (
				CD42F56425F1FB1200BF4120 /* Debug */,
				CD42F56525F1FB1200BF4120 /* Release */,
			);
			defaultConfigurationIsVisible = 0;
			defaultConfigurationName = Release;
		};
/* End XCConfigurationList section */
	};
	rootObject = CD42F54C25F1FB1200BF4120 /* Project object */;
}
